github.com/aElenvarenko/go-cmd v0.0.2 h1:Z4EmRDUm2MRJiwfLubUvj6m8BDFpcxMIVIbvNDGbfzs=
github.com/aElenvarenko/go-cmd v0.0.2/go.mod h1:TfhbxrfTC2JGuuIcpD7M5YqjuIsRgFG7qR5/FU/yRx8=
github.com/lib/pq v1.10.9 h1:YXG7RB+JIjhP29X+OtkiDnYaXQwpS4JEWq7dtCCRUEw=
github.com/lib/pq v1.10.9/go.mod h1:AlVN5x4E4T544tWzH6hKfbfQvm3HdbOxrmggDNAPY9o=
